
Microsoft Visual Studio Solution File, Format Version 12.00
# Visual Studio Version 17
VisualStudioVersion = 17.9.34723.18
MinimumVisualStudioVersion = 10.0.40219.1
Project("{9A19103F-16F7-4668-BE54-9A1E7A4F7556}") = "RightVisionBotDb", "RightVisionBotDb\RightVisionBotDb.csproj", "{8EAD7391-6C87-48FA-93FC-6A788AB46292}"
EndProject
Project("{2150E333-8FDC-42A3-9474-1A3956D46DE8}") = "Solution Items", "Solution Items", "{6B20A36C-5A05-4B78-B516-1D673972DD52}"
	ProjectSection(SolutionItems) = preProject
		.editorconfig = .editorconfig
	EndProjectSection
EndProject
Project("{9A19103F-16F7-4668-BE54-9A1E7A4F7556}") = "EasyForms", "..\EasyForms\EasyForms\EasyForms.csproj", "{71431065-8E84-4A16-A535-B207F1DFB1AE}"
EndProject
Global
	GlobalSection(SolutionConfigurationPlatforms) = preSolution
		Debug|Any CPU = Debug|Any CPU
		Release|Any CPU = Release|Any CPU
	EndGlobalSection
	GlobalSection(ProjectConfigurationPlatforms) = postSolution
		{8EAD7391-6C87-48FA-93FC-6A788AB46292}.Debug|Any CPU.ActiveCfg = Debug|Any CPU
		{8EAD7391-6C87-48FA-93FC-6A788AB46292}.Debug|Any CPU.Build.0 = Debug|Any CPU
		{8EAD7391-6C87-48FA-93FC-6A788AB46292}.Release|Any CPU.ActiveCfg = Release|Any CPU
		{8EAD7391-6C87-48FA-93FC-6A788AB46292}.Release|Any CPU.Build.0 = Release|Any CPU
		{71431065-8E84-4A16-A535-B207F1DFB1AE}.Debug|Any CPU.ActiveCfg = Debug|Any CPU
		{71431065-8E84-4A16-A535-B207F1DFB1AE}.Debug|Any CPU.Build.0 = Debug|Any CPU
		{71431065-8E84-4A16-A535-B207F1DFB1AE}.Release|Any CPU.ActiveCfg = Release|Any CPU
		{71431065-8E84-4A16-A535-B207F1DFB1AE}.Release|Any CPU.Build.0 = Release|Any CPU
	EndGlobalSection
	GlobalSection(SolutionProperties) = preSolution
		HideSolutionNode = FALSE
	EndGlobalSection
	GlobalSection(ExtensibilityGlobals) = postSolution
		SolutionGuid = {B33CDC4D-D5A5-4742-BFD8-D83678383C76}
	EndGlobalSection
EndGlobal
